
Microsoft Visual Studio Solution File, Format Version 12.00
# Visual Studio Version 16
VisualStudioVersion = 16.0.31515.178
MinimumVisualStudioVersion = 10.0.40219.1
Project("{FAE04EC0-301F-11D3-BF4B-00C04F79EFBC}") = "DioEverisStore.Aplication", "DioEverisStore.Aplication.csproj", "{1414BB0E-3F68-429B-BA8B-2F3B11A512F5}"
EndProject
Project("{FAE04EC0-301F-11D3-BF4B-00C04F79EFBC}") = "DioEverisStore.Domain", "..\DioEverisStore.Domain\DioEverisStore.Domain.csproj", "{A5344C9A-41BC-4D68-8AEB-10CD2DFC4DF4}"
EndProject
Global
	GlobalSection(SolutionConfigurationPlatforms) = preSolution
		Debug|Any CPU = Debug|Any CPU
		Release|Any CPU = Release|Any CPU
	EndGlobalSection
	GlobalSection(ProjectConfigurationPlatforms) = postSolution
		{1414BB0E-3F68-429B-BA8B-2F3B11A512F5}.Debug|Any CPU.ActiveCfg = Debug|Any CPU
		{1414BB0E-3F68-429B-BA8B-2F3B11A512F5}.Debug|Any CPU.Build.0 = Debug|Any CPU
		{1414BB0E-3F68-429B-BA8B-2F3B11A512F5}.Release|Any CPU.ActiveCfg = Release|Any CPU
		{1414BB0E-3F68-429B-BA8B-2F3B11A512F5}.Release|Any CPU.Build.0 = Release|Any CPU
		{A5344C9A-41BC-4D68-8AEB-10CD2DFC4DF4}.Debug|Any CPU.ActiveCfg = Debug|Any CPU
		{A5344C9A-41BC-4D68-8AEB-10CD2DFC4DF4}.Debug|Any CPU.Build.0 = Debug|Any CPU
		{A5344C9A-41BC-4D68-8AEB-10CD2DFC4DF4}.Release|Any CPU.ActiveCfg = Release|Any CPU
		{A5344C9A-41BC-4D68-8AEB-10CD2DFC4DF4}.Release|Any CPU.Build.0 = Release|Any CPU
	EndGlobalSection
	GlobalSection(SolutionProperties) = preSolution
		HideSolutionNode = FALSE
	EndGlobalSection
	GlobalSection(ExtensibilityGlobals) = postSolution
		SolutionGuid = {68DC762A-7721-43BD-BD55-803C8644A22F}
	EndGlobalSection
EndGlobal
